
Microsoft Visual Studio Solution File, Format Version 12.00
# Visual Studio Version 17
VisualStudioVersion = 17.3.32825.248
MinimumVisualStudioVersion = 10.0.40219.1
Project("{FAE04EC0-301F-11D3-BF4B-00C04F79EFBC}") = "WpfApp_Practise_NP", "WpfApp_Practise_NP\WpfApp_Practise_NP.csproj", "{B115ACB6-551B-4E90-97BB-063FFDA01E24}"
EndProject
Global
	GlobalSection(SolutionConfigurationPlatforms) = preSolution
		Debug|Any CPU = Debug|Any CPU
		Release|Any CPU = Release|Any CPU
	EndGlobalSection
	GlobalSection(ProjectConfigurationPlatforms) = postSolution
		{B115ACB6-551B-4E90-97BB-063FFDA01E24}.Debug|Any CPU.ActiveCfg = Debug|Any CPU
		{B115ACB6-551B-4E90-97BB-063FFDA01E24}.Debug|Any CPU.Build.0 = Debug|Any CPU
		{B115ACB6-551B-4E90-97BB-063FFDA01E24}.Release|Any CPU.ActiveCfg = Release|Any CPU
		{B115ACB6-551B-4E90-97BB-063FFDA01E24}.Release|Any CPU.Build.0 = Release|Any CPU
	EndGlobalSection
	GlobalSection(SolutionProperties) = preSolution
		HideSolutionNode = FALSE
	EndGlobalSection
	GlobalSection(ExtensibilityGlobals) = postSolution
		SolutionGuid = {5D2A34B2-A415-4292-B441-125094D88C23}
	EndGlobalSection
EndGlobal
